{
  "name": "im",
  "version": "1.0.0",
  "lockfileVersion": 3,
  "requires": true,
  "packages": {
    "": {
      "name": "im",
      "version": "1.0.0",
      "license": "ISC",
      "dependencies": {
        "@tencentcloud/chat": "^3.5.9",
        "tim-upload-plugin": "^1.4.3"
      }
    },
    "node_modules/@tencentcloud/chat": {
      "version": "3.5.9",
      "resolved": "https://registry.npmmirror.com/@tencentcloud/chat/-/chat-3.5.9.tgz",
      "integrity": "sha512-DRCF5o1cZez1xjIFC8UmXE3NpWYfYWQ4+yjKtuOXk09N28dJSfdwYw2jyfJ2N0DWPB6icVCCxh2MDP+sp4HLpw=="
    },
    "node_modules/tim-upload-plugin": {
      "version": "1.4.3",
      "resolved": "https://registry.npmmirror.com/tim-upload-plugin/-/tim-upload-plugin-1.4.3.tgz",
      "integrity": "sha512-3ZmbA36dr3eG9YGDon9MLBUtbNawYWkL+TBa+VS0Uviguc7PlVSOIVRG2C4irXX16slDT2Kj+HAZapp+Xqp2xg=="
    }
  }
}
